
Microsoft Visual Studio Solution File, Format Version 11.00
# Visual Studio 2010
Project("{FAE04EC0-301F-11D3-BF4B-00C04F79EFBC}") = "Holodoodle_Test", "Assembly-CSharp.csproj", "{4F0E9403-6DCB-4CC2-1E4D-66F1F128A1A5}"
EndProject
Global
	GlobalSection(SolutionConfigurationPlatforms) = preSolution
		Debug|Any CPU = Debug|Any CPU
		Release|Any CPU = Release|Any CPU
	EndGlobalSection
	GlobalSection(ProjectConfigurationPlatforms) = postSolution
		{4F0E9403-6DCB-4CC2-1E4D-66F1F128A1A5}.Debug|Any CPU.ActiveCfg = Debug|Any CPU
		{4F0E9403-6DCB-4CC2-1E4D-66F1F128A1A5}.Debug|Any CPU.Build.0 = Debug|Any CPU
		{4F0E9403-6DCB-4CC2-1E4D-66F1F128A1A5}.Release|Any CPU.ActiveCfg = Release|Any CPU
		{4F0E9403-6DCB-4CC2-1E4D-66F1F128A1A5}.Release|Any CPU.Build.0 = Release|Any CPU
	EndGlobalSection
	GlobalSection(SolutionProperties) = preSolution
		HideSolutionNode = FALSE
	EndGlobalSection
	GlobalSection(MonoDevelopProperties) = preSolution
		StartupItem = Assembly-CSharp.csproj
	EndGlobalSection
EndGlobal
